
Microsoft Visual Studio Solution File, Format Version 12.00
# Visual Studio Version 17
VisualStudioVersion = 17.7.34202.233
MinimumVisualStudioVersion = 10.0.40219.1
Project("{FAE04EC0-301F-11D3-BF4B-00C04F79EFBC}") = "clcltr2", "clcltr2.csproj", "{2398DFDB-939B-409C-8780-277DDD2551D9}"
EndProject
Global
	GlobalSection(SolutionConfigurationPlatforms) = preSolution
		Debug|Any CPU = Debug|Any CPU
		Release|Any CPU = Release|Any CPU
	EndGlobalSection
	GlobalSection(ProjectConfigurationPlatforms) = postSolution
		{2398DFDB-939B-409C-8780-277DDD2551D9}.Debug|Any CPU.ActiveCfg = Debug|Any CPU
		{2398DFDB-939B-409C-8780-277DDD2551D9}.Debug|Any CPU.Build.0 = Debug|Any CPU
		{2398DFDB-939B-409C-8780-277DDD2551D9}.Release|Any CPU.ActiveCfg = Release|Any CPU
		{2398DFDB-939B-409C-8780-277DDD2551D9}.Release|Any CPU.Build.0 = Release|Any CPU
	EndGlobalSection
	GlobalSection(SolutionProperties) = preSolution
		HideSolutionNode = FALSE
	EndGlobalSection
	GlobalSection(ExtensibilityGlobals) = postSolution
		SolutionGuid = {C95B0003-0D9A-44A6-85B9-385E2D38D400}
	EndGlobalSection
EndGlobal
